// !$*UTF8*$!
{
	archiveVersion = 1;
	classes = {
	};
	objectVersion = 56;
	objects = {

/* Begin PBXBuildFile section */
		16A410712BFD8A71005586E7 /* Heart Beat Breath Watch App.app in Embed Watch Content */ = {isa = PBXBuildFile; fileRef = 16A410702BFD8A71005586E7 /* Heart Beat Breath Watch App.app */; settings = {ATTRIBUTES = (RemoveHeadersOnCopy, ); }; };
		16A410762BFD8A71005586E7 /* Heart_Beat_BreathApp.swift in Sources */ = {isa = PBXBuildFile; fileRef = 16A410752BFD8A71005586E7 /* Heart_Beat_BreathApp.swift */; };
		16A410782BFD8A71005586E7 /* ContentView.swift in Sources */ = {isa = PBXBuildFile; fileRef = 16A410772BFD8A71005586E7 /* ContentView.swift */; };
		16A4107A2BFD8A73005586E7 /* Assets.xcassets in Resources */ = {isa = PBXBuildFile; fileRef = 16A410792BFD8A73005586E7 /* Assets.xcassets */; };
		16A4107D2BFD8A73005586E7 /* Preview Assets.xcassets in Resources */ = {isa = PBXBuildFile; fileRef = 16A4107C2BFD8A73005586E7 /* Preview Assets.xcassets */; };
		16A410892BFD8B03005586E7 /* HeartRateManager.swift in Sources */ = {isa = PBXBuildFile; fileRef = 16A410882BFD8B03005586E7 /* HeartRateManager.swift */; };
		16A4108B2BFDA690005586E7 /* BreathTimer.swift in Sources */ = {isa = PBXBuildFile; fileRef = 16A4108A2BFDA690005586E7 /* BreathTimer.swift */; };
		16A4108D2BFDA69F005586E7 /* Countdown.swift in Sources */ = {isa = PBXBuildFile; fileRef = 16A4108C2BFDA69F005586E7 /* Countdown.swift */; };
/* End PBXBuildFile section */

/* Begin PBXContainerItemProxy section */
		16A410722BFD8A71005586E7 /* PBXContainerItemProxy */ = {
			isa = PBXContainerItemProxy;
			containerPortal = 16A410642BFD8A71005586E7 /* Project object */;
			proxyType = 1;
			remoteGlobalIDString = 16A4106F2BFD8A71005586E7;
			remoteInfo = "Heart Beat Breath Watch App";
		};
/* End PBXContainerItemProxy section */

/* Begin PBXCopyFilesBuildPhase section */
		16A410832BFD8A73005586E7 /* Embed Watch Content */ = {
			isa = PBXCopyFilesBuildPhase;
			buildActionMask = 2147483647;
			dstPath = "$(CONTENTS_FOLDER_PATH)/Watch";
			dstSubfolderSpec = 16;
			files = (
				16A410712BFD8A71005586E7 /* Heart Beat Breath Watch App.app in Embed Watch Content */,
			);
			name = "Embed Watch Content";
			runOnlyForDeploymentPostprocessing = 0;
		};
/* End PBXCopyFilesBuildPhase section */

/* Begin PBXFileReference section */
		16A4106A2BFD8A71005586E7 /* Heart Beat Breath.app */ = {isa = PBXFileReference; explicitFileType = wrapper.application; includeInIndex = 0; path = "Heart Beat Breath.app"; sourceTree = BUILT_PRODUCTS_DIR; };
		16A410702BFD8A71005586E7 /* Heart Beat Breath Watch App.app */ = {isa = PBXFileReference; explicitFileType = wrapper.application; includeInIndex = 0; path = "Heart Beat Breath Watch App.app"; sourceTree = BUILT_PRODUCTS_DIR; };
		16A410752BFD8A71005586E7 /* Heart_Beat_BreathApp.swift */ = {isa = PBXFileReference; lastKnownFileType = sourcecode.swift; path = Heart_Beat_BreathApp.swift; sourceTree = "<group>"; };
		16A410772BFD8A71005586E7 /* ContentView.swift */ = {isa = PBXFileReference; lastKnownFileType = sourcecode.swift; path = ContentView.swift; sourceTree = "<group>"; };
		16A410792BFD8A73005586E7 /* Assets.xcassets */ = {isa = PBXFileReference; lastKnownFileType = folder.assetcatalog; path = Assets.xcassets; sourceTree = "<group>"; };
		16A4107C2BFD8A73005586E7 /* Preview Assets.xcassets */ = {isa = PBXFileReference; lastKnownFileType = folder.assetcatalog; path = "Preview Assets.xcassets"; sourceTree = "<group>"; };
		16A410872BFD8A93005586E7 /* Heart Beat Breath Watch App.entitlements */ = {isa = PBXFileReference; lastKnownFileType = text.plist.entitlements; path = "Heart Beat Breath Watch App.entitlements"; sourceTree = "<group>"; };
		16A410882BFD8B03005586E7 /* HeartRateManager.swift */ = {isa = PBXFileReference; lastKnownFileType = sourcecode.swift; path = HeartRateManager.swift; sourceTree = "<group>"; };
		16A4108A2BFDA690005586E7 /* BreathTimer.swift */ = {isa = PBXFileReference; lastKnownFileType = sourcecode.swift; path = BreathTimer.swift; sourceTree = "<group>"; };
		16A4108C2BFDA69F005586E7 /* Countdown.swift */ = {isa = PBXFileReference; lastKnownFileType = sourcecode.swift; path = Countdown.swift; sourceTree = "<group>"; };
		16A4108E2BFDFFA8005586E7 /* Heart-Beat-Breath-Watch-App-Info.plist */ = {isa = PBXFileReference; lastKnownFileType = text.plist; path = "Heart-Beat-Breath-Watch-App-Info.plist"; sourceTree = SOURCE_ROOT; };
/* End PBXFileReference section */

/* Begin PBXFrameworksBuildPhase section */
		16A4106D2BFD8A71005586E7 /* Frameworks */ = {
			isa = PBXFrameworksBuildPhase;
			buildActionMask = 2147483647;
			files = (
			);
			runOnlyForDeploymentPostprocessing = 0;
		};
/* End PBXFrameworksBuildPhase section */

/* Begin PBXGroup section */
		16A410632BFD8A71005586E7 = {
			isa = PBXGroup;
			children = (
				16A410742BFD8A71005586E7 /* Heart Beat Breath Watch App */,
				16A4106B2BFD8A71005586E7 /* Products */,
			);
			sourceTree = "<group>";
		};
		16A4106B2BFD8A71005586E7 /* Products */ = {
			isa = PBXGroup;
			children = (
				16A4106A2BFD8A71005586E7 /* Heart Beat Breath.app */,
				16A410702BFD8A71005586E7 /* Heart Beat Breath Watch App.app */,
			);
			name = Products;
			sourceTree = "<group>";
		};
		16A410742BFD8A71005586E7 /* Heart Beat Breath Watch App */ = {
			isa = PBXGroup;
			children = (
				16A4108E2BFDFFA8005586E7 /* Heart-Beat-Breath-Watch-App-Info.plist */,
				16A410872BFD8A93005586E7 /* Heart Beat Breath Watch App.entitlements */,
				16A410752BFD8A71005586E7 /* Heart_Beat_BreathApp.swift */,
				16A410882BFD8B03005586E7 /* HeartRateManager.swift */,
				16A410772BFD8A71005586E7 /* ContentView.swift */,
				16A410792BFD8A73005586E7 /* Assets.xcassets */,
				16A4107B2BFD8A73005586E7 /* Preview Content */,
				16A4108A2BFDA690005586E7 /* BreathTimer.swift */,
				16A4108C2BFDA69F005586E7 /* Countdown.swift */,
			);
			path = "Heart Beat Breath Watch App";
			sourceTree = "<group>";
		};
		16A4107B2BFD8A73005586E7 /* Preview Content */ = {
			isa = PBXGroup;
			children = (
				16A4107C2BFD8A73005586E7 /* Preview Assets.xcassets */,
			);
			path = "Preview Content";
			sourceTree = "<group>";
		};
/* End PBXGroup section */

/* Begin PBXNativeTarget section */
		16A410692BFD8A71005586E7 /* Heart Beat Breath */ = {
			isa = PBXNativeTarget;
			buildConfigurationList = 16A410842BFD8A73005586E7 /* Build configuration list for PBXNativeTarget "Heart Beat Breath" */;
			buildPhases = (
				16A410682BFD8A71005586E7 /* Resources */,
				16A410832BFD8A73005586E7 /* Embed Watch Content */,
			);
			buildRules = (
			);
			dependencies = (
				16A410732BFD8A71005586E7 /* PBXTargetDependency */,
			);
			name = "Heart Beat Breath";
			productName = "Heart Beat Breath";
			productReference = 16A4106A2BFD8A71005586E7 /* Heart Beat Breath.app */;
			productType = "com.apple.product-type.application.watchapp2-container";
		};
		16A4106F2BFD8A71005586E7 /* Heart Beat Breath Watch App */ = {
			isa = PBXNativeTarget;
			buildConfigurationList = 16A410802BFD8A73005586E7 /* Build configuration list for PBXNativeTarget "Heart Beat Breath Watch App" */;
			buildPhases = (
				16A4106C2BFD8A71005586E7 /* Sources */,
				16A4106D2BFD8A71005586E7 /* Frameworks */,
				16A4106E2BFD8A71005586E7 /* Resources */,
			);
			buildRules = (
			);
			dependencies = (
			);
			name = "Heart Beat Breath Watch App";
			productName = "Heart Beat Breath Watch App";
			productReference = 16A410702BFD8A71005586E7 /* Heart Beat Breath Watch App.app */;
			productType = "com.apple.product-type.application";
		};
/* End PBXNativeTarget section */

/* Begin PBXProject section */
		16A410642BFD8A71005586E7 /* Project object */ = {
			isa = PBXProject;
			attributes = {
				BuildIndependentTargetsInParallel = 1;
				LastSwiftUpdateCheck = 1520;
				LastUpgradeCheck = 1520;
				TargetAttributes = {
					16A410692BFD8A71005586E7 = {
						CreatedOnToolsVersion = 15.2;
					};
					16A4106F2BFD8A71005586E7 = {
						CreatedOnToolsVersion = 15.2;
					};
				};
			};
			buildConfigurationList = 16A410672BFD8A71005586E7 /* Build configuration list for PBXProject "Heart Beat Breath" */;
			compatibilityVersion = "Xcode 14.0";
			developmentRegion = en;
			hasScannedForEncodings = 0;
			knownRegions = (
				en,
				Base,
			);
			mainGroup = 16A410632BFD8A71005586E7;
			productRefGroup = 16A4106B2BFD8A71005586E7 /* Products */;
			projectDirPath = "";
			projectRoot = "";
			targets = (
				16A410692BFD8A71005586E7 /* Heart Beat Breath */,
				16A4106F2BFD8A71005586E7 /* Heart Beat Breath Watch App */,
			);
		};
/* End PBXProject section */

/* Begin PBXResourcesBuildPhase section */
		16A410682BFD8A71005586E7 /* Resources */ = {
			isa = PBXResourcesBuildPhase;
			buildActionMask = 2147483647;
			files = (
			);
			runOnlyForDeploymentPostprocessing = 0;
		};
		16A4106E2BFD8A71005586E7 /* Resources */ = {
			isa = PBXResourcesBuildPhase;
			buildActionMask = 2147483647;
			files = (
				16A4107D2BFD8A73005586E7 /* Preview Assets.xcassets in Resources */,
				16A4107A2BFD8A73005586E7 /* Assets.xcassets in Resources */,
			);
			runOnlyForDeploymentPostprocessing = 0;
		};
/* End PBXResourcesBuildPhase section */

/* Begin PBXSourcesBuildPhase section */
		16A4106C2BFD8A71005586E7 /* Sources */ = {
			isa = PBXSourcesBuildPhase;
			buildActionMask = 2147483647;
			files = (
				16A410782BFD8A71005586E7 /* ContentView.swift in Sources */,
				16A410892BFD8B03005586E7 /* HeartRateManager.swift in Sources */,
				16A410762BFD8A71005586E7 /* Heart_Beat_BreathApp.swift in Sources */,
				16A4108B2BFDA690005586E7 /* BreathTimer.swift in Sources */,
				16A4108D2BFDA69F005586E7 /* Countdown.swift in Sources */,
			);
			runOnlyForDeploymentPostprocessing = 0;
		};
/* End PBXSourcesBuildPhase section */

/* Begin PBXTargetDependency section */
		16A410732BFD8A71005586E7 /* PBXTargetDependency */ = {
			isa = PBXTargetDependency;
			target = 16A4106F2BFD8A71005586E7 /* Heart Beat Breath Watch App */;
			targetProxy = 16A410722BFD8A71005586E7 /* PBXContainerItemProxy */;
		};
/* End PBXTargetDependency section */

/* Begin XCBuildConfiguration section */
		16A4107E2BFD8A73005586E7 /* Debug */ = {
			isa = XCBuildConfiguration;
			buildSettings = {
				ALWAYS_SEARCH_USER_PATHS = NO;
				ASSETCATALOG_COMPILER_GENERATE_SWIFT_ASSET_SYMBOL_EXTENSIONS = YES;
				CLANG_ANALYZER_NONNULL = YES;
				CLANG_ANALYZER_NUMBER_OBJECT_CONVERSION = YES_AGGRESSIVE;
				CLANG_CXX_LANGUAGE_STANDARD = "gnu++20";
				CLANG_ENABLE_MODULES = YES;
				CLANG_ENABLE_OBJC_ARC = YES;
				CLANG_ENABLE_OBJC_WEAK = YES;
				CLANG_WARN_BLOCK_CAPTURE_AUTORELEASING = YES;
				CLANG_WARN_BOOL_CONVERSION = YES;
				CLANG_WARN_COMMA = YES;
				CLANG_WARN_CONSTANT_CONVERSION = YES;
				CLANG_WARN_DEPRECATED_OBJC_IMPLEMENTATIONS = YES;
				CLANG_WARN_DIRECT_OBJC_ISA_USAGE = YES_ERROR;
				CLANG_WARN_DOCUMENTATION_COMMENTS = YES;
				CLANG_WARN_EMPTY_BODY = YES;
				CLANG_WARN_ENUM_CONVERSION = YES;
				CLANG_WARN_INFINITE_RECURSION = YES;
				CLANG_WARN_INT_CONVERSION = YES;
				CLANG_WARN_NON_LITERAL_NULL_CONVERSION = YES;
				CLANG_WARN_OBJC_IMPLICIT_RETAIN_SELF = YES;
				CLANG_WARN_OBJC_LITERAL_CONVERSION = YES;
				CLANG_WARN_OBJC_ROOT_CLASS = YES_ERROR;
				CLANG_WARN_QUOTED_INCLUDE_IN_FRAMEWORK_HEADER = YES;
				CLANG_WARN_RANGE_LOOP_ANALYSIS = YES;
				CLANG_WARN_STRICT_PROTOTYPES = YES;
				CLANG_WARN_SUSPICIOUS_MOVE = YES;
				CLANG_WARN_UNGUARDED_AVAILABILITY = YES_AGGRESSIVE;
				CLANG_WARN_UNREACHABLE_CODE = YES;
				CLANG_WARN__DUPLICATE_METHOD_MATCH = YES;
				COPY_PHASE_STRIP = NO;
				DEBUG_INFORMATION_FORMAT = dwarf;
				ENABLE_STRICT_OBJC_MSGSEND = YES;
				ENABLE_TESTABILITY = YES;
				ENABLE_USER_SCRIPT_SANDBOXING = YES;
				GCC_C_LANGUAGE_STANDARD = gnu17;
				GCC_DYNAMIC_NO_PIC = NO;
				GCC_NO_COMMON_BLOCKS = YES;
				GCC_OPTIMIZATION_LEVEL = 0;
				GCC_PREPROCESSOR_DEFINITIONS = (
					"DEBUG=1",
					"$(inherited)",
				);
				GCC_WARN_64_TO_32_BIT_CONVERSION = YES;
				GCC_WARN_ABOUT_RETURN_TYPE = YES_ERROR;
				GCC_WARN_UNDECLARED_SELECTOR = YES;
				GCC_WARN_UNINITIALIZED_AUTOS = YES_AGGRESSIVE;
				GCC_WARN_UNUSED_FUNCTION = YES;
				GCC_WARN_UNUSED_VARIABLE = YES;
				LOCALIZATION_PREFERS_STRING_CATALOGS = YES;
				MTL_ENABLE_DEBUG_INFO = INCLUDE_SOURCE;
				MTL_FAST_MATH = YES;
				ONLY_ACTIVE_ARCH = YES;
				SWIFT_ACTIVE_COMPILATION_CONDITIONS = "DEBUG $(inherited)";
				SWIFT_OPTIMIZATION_LEVEL = "-Onone";
			};
			name = Debug;
		};
		16A4107F2BFD8A73005586E7 /* Release */ = {
			isa = XCBuildConfiguration;
			buildSettings = {
				ALWAYS_SEARCH_USER_PATHS = NO;
				ASSETCATALOG_COMPILER_GENERATE_SWIFT_ASSET_SYMBOL_EXTENSIONS = YES;
				CLANG_ANALYZER_NONNULL = YES;
				CLANG_ANALYZER_NUMBER_OBJECT_CONVERSION = YES_AGGRESSIVE;
				CLANG_CXX_LANGUAGE_STANDARD = "gnu++20";
				CLANG_ENABLE_MODULES = YES;
				CLANG_ENABLE_OBJC_ARC = YES;
				CLANG_ENABLE_OBJC_WEAK = YES;
				CLANG_WARN_BLOCK_CAPTURE_AUTORELEASING = YES;
				CLANG_WARN_BOOL_CONVERSION = YES;
				CLANG_WARN_COMMA = YES;
				CLANG_WARN_CONSTANT_CONVERSION = YES;
				CLANG_WARN_DEPRECATED_OBJC_IMPLEMENTATIONS = YES;
				CLANG_WARN_DIRECT_OBJC_ISA_USAGE = YES_ERROR;
				CLANG_WARN_DOCUMENTATION_COMMENTS = YES;
				CLANG_WARN_EMPTY_BODY = YES;
				CLANG_WARN_ENUM_CONVERSION = YES;
				CLANG_WARN_INFINITE_RECURSION = YES;
				CLANG_WARN_INT_CONVERSION = YES;
				CLANG_WARN_NON_LITERAL_NULL_CONVERSION = YES;
				CLANG_WARN_OBJC_IMPLICIT_RETAIN_SELF = YES;
				CLANG_WARN_OBJC_LITERAL_CONVERSION = YES;
				CLANG_WARN_OBJC_ROOT_CLASS = YES_ERROR;
				CLANG_WARN_QUOTED_INCLUDE_IN_FRAMEWORK_HEADER = YES;
				CLANG_WARN_RANGE_LOOP_ANALYSIS = YES;
				CLANG_WARN_STRICT_PROTOTYPES = YES;
				CLANG_WARN_SUSPICIOUS_MOVE = YES;
				CLANG_WARN_UNGUARDED_AVAILABILITY = YES_AGGRESSIVE;
				CLANG_WARN_UNREACHABLE_CODE = YES;
				CLANG_WARN__DUPLICATE_METHOD_MATCH = YES;
				COPY_PHASE_STRIP = NO;
				DEBUG_INFORMATION_FORMAT = "dwarf-with-dsym";
				ENABLE_NS_ASSERTIONS = NO;
				ENABLE_STRICT_OBJC_MSGSEND = YES;
				ENABLE_USER_SCRIPT_SANDBOXING = YES;
				GCC_C_LANGUAGE_STANDARD = gnu17;
				GCC_NO_COMMON_BLOCKS = YES;
				GCC_WARN_64_TO_32_BIT_CONVERSION = YES;
				GCC_WARN_ABOUT_RETURN_TYPE = YES_ERROR;
				GCC_WARN_UNDECLARED_SELECTOR = YES;
				GCC_WARN_UNINITIALIZED_AUTOS = YES_AGGRESSIVE;
				GCC_WARN_UNUSED_FUNCTION = YES;
				GCC_WARN_UNUSED_VARIABLE = YES;
				LOCALIZATION_PREFERS_STRING_CATALOGS = YES;
				MTL_ENABLE_DEBUG_INFO = NO;
				MTL_FAST_MATH = YES;
				SWIFT_COMPILATION_MODE = wholemodule;
			};
			name = Release;
		};
		16A410812BFD8A73005586E7 /* Debug */ = {
			isa = XCBuildConfiguration;
			buildSettings = {
				ASSETCATALOG_COMPILER_APPICON_NAME = AppIcon;
				ASSETCATALOG_COMPILER_GLOBAL_ACCENT_COLOR_NAME = AccentColor;
				CODE_SIGN_ENTITLEMENTS = "Heart Beat Breath Watch App/Heart Beat Breath Watch App.entitlements";
				CODE_SIGN_STYLE = Automatic;
				CURRENT_PROJECT_VERSION = 1;
				DEVELOPMENT_ASSET_PATHS = "\"Heart Beat Breath Watch App/Preview Content\"";
				DEVELOPMENT_TEAM = UXFMYR2DJ9;
				ENABLE_PREVIEWS = YES;
				GENERATE_INFOPLIST_FILE = YES;
				INFOPLIST_FILE = "Heart-Beat-Breath-Watch-App-Info.plist";
				INFOPLIST_KEY_CFBundleDisplayName = "Heart Beat Breath";
				INFOPLIST_KEY_NSHealthClinicalHealthRecordsShareUsageDescription = "We want to record your health";
				INFOPLIST_KEY_NSHealthShareUsageDescription = "We want to record your health";
				INFOPLIST_KEY_NSHealthUpdateUsageDescription = "We want to record your health";
				INFOPLIST_KEY_UISupportedInterfaceOrientations = "UIInterfaceOrientationPortrait UIInterfaceOrientationPortraitUpsideDown";
				INFOPLIST_KEY_WKWatchOnly = YES;
				LD_RUNPATH_SEARCH_PATHS = (
					"$(inherited)",
					"@executable_path/Frameworks",
				);
				MARKETING_VERSION = 1.0;
				PRODUCT_BUNDLE_IDENTIFIER = "binus.Heart-Beat-Breath.watchkitapp";
				PRODUCT_NAME = "$(TARGET_NAME)";
				SDKROOT = watchos;
				SKIP_INSTALL = YES;
				SWIFT_EMIT_LOC_STRINGS = YES;
				SWIFT_VERSION = 5.0;
				TARGETED_DEVICE_FAMILY = 4;
				WATCHOS_DEPLOYMENT_TARGET = 10.2;
			};
			name = Debug;
		};
		16A410822BFD8A73005586E7 /* Release */ = {
			isa = XCBuildConfiguration;
			buildSettings = {
				ASSETCATALOG_COMPILER_APPICON_NAME = AppIcon;
				ASSETCATALOG_COMPILER_GLOBAL_ACCENT_COLOR_NAME = AccentColor;
				CODE_SIGN_ENTITLEMENTS = "Heart Beat Breath Watch App/Heart Beat Breath Watch App.entitlements";
				CODE_SIGN_STYLE = Automatic;
				CURRENT_PROJECT_VERSION = 1;
				DEVELOPMENT_ASSET_PATHS = "\"Heart Beat Breath Watch App/Preview Content\"";
				DEVELOPMENT_TEAM = UXFMYR2DJ9;
				ENABLE_PREVIEWS = YES;
				GENERATE_INFOPLIST_FILE = YES;
				INFOPLIST_FILE = "Heart-Beat-Breath-Watch-App-Info.plist";
				INFOPLIST_KEY_CFBundleDisplayName = "Heart Beat Breath";
				INFOPLIST_KEY_NSHealthClinicalHealthRecordsShareUsageDescription = "We want to record your health";
				INFOPLIST_KEY_NSHealthShareUsageDescription = "We want to record your health";
				INFOPLIST_KEY_NSHealthUpdateUsageDescription = "We want to record your health";
				INFOPLIST_KEY_UISupportedInterfaceOrientations = "UIInterfaceOrientationPortrait UIInterfaceOrientationPortraitUpsideDown";
				INFOPLIST_KEY_WKWatchOnly = YES;
				LD_RUNPATH_SEARCH_PATHS = (
					"$(inherited)",
					"@executable_path/Frameworks",
				);
				MARKETING_VERSION = 1.0;
				PRODUCT_BUNDLE_IDENTIFIER = "binus.Heart-Beat-Breath.watchkitapp";
				PRODUCT_NAME = "$(TARGET_NAME)";
				SDKROOT = watchos;
				SKIP_INSTALL = YES;
				SWIFT_EMIT_LOC_STRINGS = YES;
				SWIFT_VERSION = 5.0;
				TARGETED_DEVICE_FAMILY = 4;
				VALIDATE_PRODUCT = YES;
				WATCHOS_DEPLOYMENT_TARGET = 10.2;
			};
			name = Release;
		};
		16A410852BFD8A73005586E7 /* Debug */ = {
			isa = XCBuildConfiguration;
			buildSettings = {
				ALWAYS_EMBED_SWIFT_STANDARD_LIBRARIES = YES;
				CODE_SIGN_STYLE = Automatic;
				CURRENT_PROJECT_VERSION = 1;
				DEVELOPMENT_TEAM = UXFMYR2DJ9;
				INFOPLIST_KEY_CFBundleDisplayName = "Heart Beat Breath";
				MARKETING_VERSION = 1.0;
				PRODUCT_BUNDLE_IDENTIFIER = "binus.Heart-Beat-Breath";
				PRODUCT_NAME = "$(TARGET_NAME)";
				SDKROOT = iphoneos;
				SWIFT_VERSION = 5.0;
			};
			name = Debug;
		};
		16A410862BFD8A73005586E7 /* Release */ = {
			isa = XCBuildConfiguration;
			buildSettings = {
				ALWAYS_EMBED_SWIFT_STANDARD_LIBRARIES = YES;
				CODE_SIGN_STYLE = Automatic;
				CURRENT_PROJECT_VERSION = 1;
				DEVELOPMENT_TEAM = UXFMYR2DJ9;
				INFOPLIST_KEY_CFBundleDisplayName = "Heart Beat Breath";
				MARKETING_VERSION = 1.0;
				PRODUCT_BUNDLE_IDENTIFIER = "binus.Heart-Beat-Breath";
				PRODUCT_NAME = "$(TARGET_NAME)";
				SDKROOT = iphoneos;
				SWIFT_VERSION = 5.0;
				VALIDATE_PRODUCT = YES;
			};
			name = Release;
		};
/* End XCBuildConfiguration section */

/* Begin XCConfigurationList section */
		16A410672BFD8A71005586E7 /* Build configuration list for PBXProject "Heart Beat Breath" */ = {
			isa = XCConfigurationList;
			buildConfigurations = (
				16A4107E2BFD8A73005586E7 /* Debug */,
				16A4107F2BFD8A73005586E7 /* Release */,
			);
			defaultConfigurationIsVisible = 0;
			defaultConfigurationName = Release;
		};
		16A410802BFD8A73005586E7 /* Build configuration list for PBXNativeTarget "Heart Beat Breath Watch App" */ = {
			isa = XCConfigurationList;
			buildConfigurations = (
				16A410812BFD8A73005586E7 /* Debug */,
				16A410822BFD8A73005586E7 /* Release */,
			);
			defaultConfigurationIsVisible = 0;
			defaultConfigurationName = Release;
		};
		16A410842BFD8A73005586E7 /* Build configuration list for PBXNativeTarget "Heart Beat Breath" */ = {
			isa = XCConfigurationList;
			buildConfigurations = (
				16A410852BFD8A73005586E7 /* Debug */,
				16A410862BFD8A73005586E7 /* Release */,
			);
			defaultConfigurationIsVisible = 0;
			defaultConfigurationName = Release;
		};
/* End XCConfigurationList section */
	};
	rootObject = 16A410642BFD8A71005586E7 /* Project object */;
}
